// !$*UTF8*$!
{
	archiveVersion = 1;
	classes = {
	};
	objectVersion = 56;
	objects = {

/* Begin PBXBuildFile section */
		6E7A07DE2FE81AB40007AFE7 /* scratch.mp3 in Resources */ = {isa = PBXBuildFile; fileRef = 6E7A07D52FE81AB40007AFE7 /* scratch.mp3 */; };
		6E7A07DF2FE81AB40007AFE7 /* borat_dance.mp3 in Resources */ = {isa = PBXBuildFile; fileRef = 6E7A07CF2FE81AB40007AFE7 /* borat_dance.mp3 */; };
		6E7A07E02FE81AB40007AFE7 /* strings_funny.mp3 in Resources */ = {isa = PBXBuildFile; fileRef = 6E7A07D92FE81AB40007AFE7 /* strings_funny.mp3 */; };
		6E7A07E12FE81AB40007AFE7 /* careless_whisper.mp3 in Resources */ = {isa = PBXBuildFile; fileRef = 6E7A07D02FE81AB40007AFE7 /* careless_whisper.mp3 */; };
		6E7A07E22FE81AB40007AFE7 /* yametekudasai_2.mp3 in Resources */ = {isa = PBXBuildFile; fileRef = 6E7A07DD2FE81AB40007AFE7 /* yametekudasai_2.mp3 */; };
		6E7A07E32FE81AB40007AFE7 /* rifle_shot.mp3 in Resources */ = {isa = PBXBuildFile; fileRef = 6E7A07D82FE81AB40007AFE7 /* rifle_shot.mp3 */; };
		6E7A07E42FE81AB40007AFE7 /* sax.mp3 in Resources */ = {isa = PBXBuildFile; fileRef = 6E7A07D72FE81AB40007AFE7 /* sax.mp3 */; };
		6E7A07E52FE81AB40007AFE7 /* quack.mp3 in Resources */ = {isa = PBXBuildFile; fileRef = 6E7A07D42FE81AB40007AFE7 /* quack.mp3 */; };
		6E7A07E62FE81AB40007AFE7 /* boing.mp3 in Resources */ = {isa = PBXBuildFile; fileRef = 6E7A07CD2FE81AB40007AFE7 /* boing.mp3 */; };
		6E7A07E72FE81AB40007AFE7 /* chipi_chapa.mp3 in Resources */ = {isa = PBXBuildFile; fileRef = 6E7A07D12FE81AB40007AFE7 /* chipi_chapa.mp3 */; };
		6E7A07E82FE81AB40007AFE7 /* lights_off.mp3 in Resources */ = {isa = PBXBuildFile; fileRef = 6E7A07DA2FE81AB40007AFE7 /* lights_off.mp3 */; };
		6E7A07E92FE81AB40007AFE7 /* ba_dum_tsss.mp3 in Resources */ = {isa = PBXBuildFile; fileRef = 6E7A07CC2FE81AB40007AFE7 /* ba_dum_tsss.mp3 */; };
		6E7A07EA2FE81AB40007AFE7 /* yametekudasai_1.mp3 in Resources */ = {isa = PBXBuildFile; fileRef = 6E7A07DC2FE81AB40007AFE7 /* yametekudasai_1.mp3 */; };
		6E7A07EB2FE81AB40007AFE7 /* wow.mp3 in Resources */ = {isa = PBXBuildFile; fileRef = 6E7A07DB2FE81AB40007AFE7 /* wow.mp3 */; };
		6E7A07EC2FE81AB40007AFE7 /* demotivator.mp3 in Resources */ = {isa = PBXBuildFile; fileRef = 6E7A07D22FE81AB40007AFE7 /* demotivator.mp3 */; };
		6E7A07ED2FE81AB40007AFE7 /* bonk.mp3 in Resources */ = {isa = PBXBuildFile; fileRef = 6E7A07CE2FE81AB40007AFE7 /* bonk.mp3 */; };
		6E7A07EE2FE81AB40007AFE7 /* ontiva.mp3 in Resources */ = {isa = PBXBuildFile; fileRef = 6E7A07D32FE81AB40007AFE7 /* ontiva.mp3 */; };
		6E7A07EF2FE81AB40007AFE7 /* rizz.mp3 in Resources */ = {isa = PBXBuildFile; fileRef = 6E7A07D62FE81AB40007AFE7 /* rizz.mp3 */; };
		A10000010000000000000010 /* FROKApp.swift in Sources */ = {isa = PBXBuildFile; fileRef = A10000010000000000000050 /* FROKApp.swift */; };
		A10000010000000000000011 /* AppDelegate.swift in Sources */ = {isa = PBXBuildFile; fileRef = A10000010000000000000051 /* AppDelegate.swift */; };
		A10000010000000000000012 /* SoundCommand.swift in Sources */ = {isa = PBXBuildFile; fileRef = A10000010000000000000052 /* SoundCommand.swift */; };
		A10000010000000000000013 /* Logger+FROK.swift in Sources */ = {isa = PBXBuildFile; fileRef = A10000010000000000000053 /* Logger+FROK.swift */; };
		A10000010000000000000014 /* SoundCommandHandler.swift in Sources */ = {isa = PBXBuildFile; fileRef = A10000010000000000000054 /* SoundCommandHandler.swift */; };
		A10000010000000000000015 /* SocketServer.swift in Sources */ = {isa = PBXBuildFile; fileRef = A10000010000000000000055 /* SocketServer.swift */; };
		A10000010000000000000016 /* SettingsView.swift in Sources */ = {isa = PBXBuildFile; fileRef = A10000010000000000000056 /* SettingsView.swift */; };
		A10000010000000000000017 /* Assets.xcassets in Resources */ = {isa = PBXBuildFile; fileRef = A10000010000000000000057 /* Assets.xcassets */; };
		A10000010000000000000018 /* LaunchAtLoginManager.swift in Sources */ = {isa = PBXBuildFile; fileRef = A10000010000000000000059 /* LaunchAtLoginManager.swift */; };
		A10000010000000000000019 /* SoundLoadStatus.swift in Sources */ = {isa = PBXBuildFile; fileRef = A10000010000000000000060 /* SoundLoadStatus.swift */; };
		A1000001000000000000001A /* SoundPlaybackState.swift in Sources */ = {isa = PBXBuildFile; fileRef = A10000010000000000000061 /* SoundPlaybackState.swift */; };
		A1000001000000000000001B /* SoundEntry.swift in Sources */ = {isa = PBXBuildFile; fileRef = A10000010000000000000062 /* SoundEntry.swift */; };
		A1000001000000000000001C /* SoundPersistence.swift in Sources */ = {isa = PBXBuildFile; fileRef = A10000010000000000000063 /* SoundPersistence.swift */; };
		A1000001000000000000001D /* SoundLibrary.swift in Sources */ = {isa = PBXBuildFile; fileRef = A10000010000000000000064 /* SoundLibrary.swift */; };
		A1000001000000000000001E /* SoundRowView.swift in Sources */ = {isa = PBXBuildFile; fileRef = A10000010000000000000065 /* SoundRowView.swift */; };
		A1000001000000000000001F /* SoundHotkey.swift in Sources */ = {isa = PBXBuildFile; fileRef = A10000010000000000000066 /* SoundHotkey.swift */; };
		A10000010000000000000069 /* GlobalHotkeyManager.swift in Sources */ = {isa = PBXBuildFile; fileRef = A10000010000000000000067 /* GlobalHotkeyManager.swift */; };
		A1000001000000000000006A /* HotkeyRecorderField.swift in Sources */ = {isa = PBXBuildFile; fileRef = A10000010000000000000068 /* HotkeyRecorderField.swift */; };
		A1000001000000000000006B /* AccessibilityPermissionManager.swift in Sources */ = {isa = PBXBuildFile; fileRef = A1000001000000000000006C /* AccessibilityPermissionManager.swift */; };
		A1000001000000000000006D /* MenuBarState.swift in Sources */ = {isa = PBXBuildFile; fileRef = A1000001000000000000006E /* MenuBarState.swift */; };
		A1000001000000000000006F /* SoundFilePicker.swift in Sources */ = {isa = PBXBuildFile; fileRef = A10000010000000000000072 /* SoundFilePicker.swift */; };
		A10000010000000000000073 /* MenuBarExtraAccess in Frameworks */ = {isa = PBXBuildFile; productRef = A10000010000000000000071 /* MenuBarExtraAccess */; };
		A10000010000000000000075 /* EventLogStore.swift in Sources */ = {isa = PBXBuildFile; fileRef = A10000010000000000000074 /* EventLogStore.swift */; };
		A10000010000000000000077 /* EventLogPanelView.swift in Sources */ = {isa = PBXBuildFile; fileRef = A10000010000000000000076 /* EventLogPanelView.swift */; };
		A10000010000000000000079 /* SoundPlaybackMode.swift in Sources */ = {isa = PBXBuildFile; fileRef = A10000010000000000000078 /* SoundPlaybackMode.swift */; };
		A1000001000000000000007B /* FROKSocketPath.swift in Sources */ = {isa = PBXBuildFile; fileRef = A1000001000000000000007A /* FROKSocketPath.swift */; };
		A10000010000000000000081 /* main.swift in Sources */ = {isa = PBXBuildFile; fileRef = A1000001000000000000007E /* main.swift */; };
		A10000010000000000000082 /* SocketClient.swift in Sources */ = {isa = PBXBuildFile; fileRef = A1000001000000000000007F /* SocketClient.swift */; };
		A10000010000000000000083 /* FROKSocketPath.swift in Sources */ = {isa = PBXBuildFile; fileRef = A1000001000000000000007A /* FROKSocketPath.swift */; };
		A10000010000000000000088 /* frok in Copy Files */ = {isa = PBXBuildFile; fileRef = A10000010000000000000080 /* frok */; settings = {ATTRIBUTES = (CodeSignOnCopy, ); }; };
		A10000010000000000000090 /* frog.mp3 in Resources */ = {isa = PBXBuildFile; fileRef = A10000010000000000000091 /* frog.mp3 */; };
		A10000010000000000000093 /* BundledSounds.swift in Sources */ = {isa = PBXBuildFile; fileRef = A10000010000000000000094 /* BundledSounds.swift */; };
		A10000010000000000000095 /* AccentColorManager.swift in Sources */ = {isa = PBXBuildFile; fileRef = A10000010000000000000096 /* AccentColorManager.swift */; };
/* End PBXBuildFile section */

/* Begin PBXContainerItemProxy section */
		A1000001000000000000008A /* PBXContainerItemProxy */ = {
			isa = PBXContainerItemProxy;
			containerPortal = A10000010000000000000001 /* Project object */;
			proxyType = 1;
			remoteGlobalIDString = A10000010000000000000084;
			remoteInfo = FROKCLI;
		};
/* End PBXContainerItemProxy section */

/* Begin PBXCopyFilesBuildPhase section */
		A10000010000000000000087 /* Copy Files */ = {
			isa = PBXCopyFilesBuildPhase;
			buildActionMask = 2147483647;
			dstPath = bin;
			dstSubfolderSpec = 7;
			files = (
				A10000010000000000000088 /* frok in Copy Files */,
			);
			name = "Copy Files";
			runOnlyForDeploymentPostprocessing = 0;
		};
/* End PBXCopyFilesBuildPhase section */

/* Begin PBXFileReference section */
		6E7A07CC2FE81AB40007AFE7 /* ba_dum_tsss.mp3 */ = {isa = PBXFileReference; lastKnownFileType = audio.mp3; path = ba_dum_tsss.mp3; sourceTree = "<group>"; };
		6E7A07CD2FE81AB40007AFE7 /* boing.mp3 */ = {isa = PBXFileReference; lastKnownFileType = audio.mp3; path = boing.mp3; sourceTree = "<group>"; };
		6E7A07CE2FE81AB40007AFE7 /* bonk.mp3 */ = {isa = PBXFileReference; lastKnownFileType = audio.mp3; path = bonk.mp3; sourceTree = "<group>"; };
		6E7A07CF2FE81AB40007AFE7 /* borat_dance.mp3 */ = {isa = PBXFileReference; lastKnownFileType = audio.mp3; path = borat_dance.mp3; sourceTree = "<group>"; };
		6E7A07D02FE81AB40007AFE7 /* careless_whisper.mp3 */ = {isa = PBXFileReference; lastKnownFileType = audio.mp3; path = careless_whisper.mp3; sourceTree = "<group>"; };
		6E7A07D12FE81AB40007AFE7 /* chipi_chapa.mp3 */ = {isa = PBXFileReference; lastKnownFileType = audio.mp3; path = chipi_chapa.mp3; sourceTree = "<group>"; };
		6E7A07D22FE81AB40007AFE7 /* demotivator.mp3 */ = {isa = PBXFileReference; lastKnownFileType = audio.mp3; path = demotivator.mp3; sourceTree = "<group>"; };
		6E7A07D32FE81AB40007AFE7 /* ontiva.mp3 */ = {isa = PBXFileReference; lastKnownFileType = audio.mp3; path = ontiva.mp3; sourceTree = "<group>"; };
		6E7A07D42FE81AB40007AFE7 /* quack.mp3 */ = {isa = PBXFileReference; lastKnownFileType = audio.mp3; path = quack.mp3; sourceTree = "<group>"; };
		6E7A07D52FE81AB40007AFE7 /* scratch.mp3 */ = {isa = PBXFileReference; lastKnownFileType = audio.mp3; path = scratch.mp3; sourceTree = "<group>"; };
		6E7A07D62FE81AB40007AFE7 /* rizz.mp3 */ = {isa = PBXFileReference; lastKnownFileType = audio.mp3; path = rizz.mp3; sourceTree = "<group>"; };
		6E7A07D72FE81AB40007AFE7 /* sax.mp3 */ = {isa = PBXFileReference; lastKnownFileType = audio.mp3; path = sax.mp3; sourceTree = "<group>"; };
		6E7A07D82FE81AB40007AFE7 /* rifle_shot.mp3 */ = {isa = PBXFileReference; lastKnownFileType = audio.mp3; path = rifle_shot.mp3; sourceTree = "<group>"; };
		6E7A07D92FE81AB40007AFE7 /* strings_funny.mp3 */ = {isa = PBXFileReference; lastKnownFileType = audio.mp3; path = strings_funny.mp3; sourceTree = "<group>"; };
		6E7A07DA2FE81AB40007AFE7 /* lights_off.mp3 */ = {isa = PBXFileReference; lastKnownFileType = audio.mp3; path = lights_off.mp3; sourceTree = "<group>"; };
		6E7A07DB2FE81AB40007AFE7 /* wow.mp3 */ = {isa = PBXFileReference; lastKnownFileType = audio.mp3; path = wow.mp3; sourceTree = "<group>"; };
		6E7A07DC2FE81AB40007AFE7 /* yametekudasai_1.mp3 */ = {isa = PBXFileReference; lastKnownFileType = audio.mp3; path = yametekudasai_1.mp3; sourceTree = "<group>"; };
		6E7A07DD2FE81AB40007AFE7 /* yametekudasai_2.mp3 */ = {isa = PBXFileReference; lastKnownFileType = audio.mp3; path = yametekudasai_2.mp3; sourceTree = "<group>"; };
		A10000010000000000000003 /* FROK.app */ = {isa = PBXFileReference; explicitFileType = wrapper.application; includeInIndex = 0; path = FROK.app; sourceTree = BUILT_PRODUCTS_DIR; };
		A10000010000000000000050 /* FROKApp.swift */ = {isa = PBXFileReference; lastKnownFileType = sourcecode.swift; path = FROKApp.swift; sourceTree = "<group>"; };
		A10000010000000000000051 /* AppDelegate.swift */ = {isa = PBXFileReference; lastKnownFileType = sourcecode.swift; path = AppDelegate.swift; sourceTree = "<group>"; };
		A10000010000000000000052 /* SoundCommand.swift */ = {isa = PBXFileReference; lastKnownFileType = sourcecode.swift; path = SoundCommand.swift; sourceTree = "<group>"; };
		A10000010000000000000053 /* Logger+FROK.swift */ = {isa = PBXFileReference; lastKnownFileType = sourcecode.swift; path = "Logger+FROK.swift"; sourceTree = "<group>"; };
		A10000010000000000000054 /* SoundCommandHandler.swift */ = {isa = PBXFileReference; lastKnownFileType = sourcecode.swift; path = SoundCommandHandler.swift; sourceTree = "<group>"; };
		A10000010000000000000055 /* SocketServer.swift */ = {isa = PBXFileReference; lastKnownFileType = sourcecode.swift; path = SocketServer.swift; sourceTree = "<group>"; };
		A10000010000000000000056 /* SettingsView.swift */ = {isa = PBXFileReference; lastKnownFileType = sourcecode.swift; path = SettingsView.swift; sourceTree = "<group>"; };
		A10000010000000000000057 /* Assets.xcassets */ = {isa = PBXFileReference; lastKnownFileType = folder.assetcatalog; path = Assets.xcassets; sourceTree = "<group>"; };
		A10000010000000000000058 /* Info.plist */ = {isa = PBXFileReference; lastKnownFileType = text.plist.xml; path = Info.plist; sourceTree = "<group>"; };
		A10000010000000000000059 /* LaunchAtLoginManager.swift */ = {isa = PBXFileReference; lastKnownFileType = sourcecode.swift; path = LaunchAtLoginManager.swift; sourceTree = "<group>"; };
		A10000010000000000000060 /* SoundLoadStatus.swift */ = {isa = PBXFileReference; lastKnownFileType = sourcecode.swift; path = SoundLoadStatus.swift; sourceTree = "<group>"; };
		A10000010000000000000061 /* SoundPlaybackState.swift */ = {isa = PBXFileReference; lastKnownFileType = sourcecode.swift; path = SoundPlaybackState.swift; sourceTree = "<group>"; };
		A10000010000000000000062 /* SoundEntry.swift */ = {isa = PBXFileReference; lastKnownFileType = sourcecode.swift; path = SoundEntry.swift; sourceTree = "<group>"; };
		A10000010000000000000063 /* SoundPersistence.swift */ = {isa = PBXFileReference; lastKnownFileType = sourcecode.swift; path = SoundPersistence.swift; sourceTree = "<group>"; };
		A10000010000000000000064 /* SoundLibrary.swift */ = {isa = PBXFileReference; lastKnownFileType = sourcecode.swift; path = SoundLibrary.swift; sourceTree = "<group>"; };
		A10000010000000000000065 /* SoundRowView.swift */ = {isa = PBXFileReference; lastKnownFileType = sourcecode.swift; path = SoundRowView.swift; sourceTree = "<group>"; };
		A10000010000000000000066 /* SoundHotkey.swift */ = {isa = PBXFileReference; lastKnownFileType = sourcecode.swift; path = SoundHotkey.swift; sourceTree = "<group>"; };
		A10000010000000000000067 /* GlobalHotkeyManager.swift */ = {isa = PBXFileReference; lastKnownFileType = sourcecode.swift; path = GlobalHotkeyManager.swift; sourceTree = "<group>"; };
		A10000010000000000000068 /* HotkeyRecorderField.swift */ = {isa = PBXFileReference; lastKnownFileType = sourcecode.swift; path = HotkeyRecorderField.swift; sourceTree = "<group>"; };
		A1000001000000000000006C /* AccessibilityPermissionManager.swift */ = {isa = PBXFileReference; lastKnownFileType = sourcecode.swift; path = AccessibilityPermissionManager.swift; sourceTree = "<group>"; };
		A1000001000000000000006E /* MenuBarState.swift */ = {isa = PBXFileReference; lastKnownFileType = sourcecode.swift; path = MenuBarState.swift; sourceTree = "<group>"; };
		A10000010000000000000072 /* SoundFilePicker.swift */ = {isa = PBXFileReference; lastKnownFileType = sourcecode.swift; path = SoundFilePicker.swift; sourceTree = "<group>"; };
		A10000010000000000000074 /* EventLogStore.swift */ = {isa = PBXFileReference; lastKnownFileType = sourcecode.swift; path = EventLogStore.swift; sourceTree = "<group>"; };
		A10000010000000000000076 /* EventLogPanelView.swift */ = {isa = PBXFileReference; lastKnownFileType = sourcecode.swift; path = EventLogPanelView.swift; sourceTree = "<group>"; };
		A10000010000000000000078 /* SoundPlaybackMode.swift */ = {isa = PBXFileReference; lastKnownFileType = sourcecode.swift; path = SoundPlaybackMode.swift; sourceTree = "<group>"; };
		A1000001000000000000007A /* FROKSocketPath.swift */ = {isa = PBXFileReference; lastKnownFileType = sourcecode.swift; path = FROKSocketPath.swift; sourceTree = "<group>"; };
		A1000001000000000000007E /* main.swift */ = {isa = PBXFileReference; lastKnownFileType = sourcecode.swift; path = main.swift; sourceTree = "<group>"; };
		A1000001000000000000007F /* SocketClient.swift */ = {isa = PBXFileReference; lastKnownFileType = sourcecode.swift; path = SocketClient.swift; sourceTree = "<group>"; };
		A10000010000000000000080 /* frok */ = {isa = PBXFileReference; explicitFileType = "compiled.mach-o.executable"; includeInIndex = 0; path = frok; sourceTree = BUILT_PRODUCTS_DIR; };
		A10000010000000000000091 /* frog.mp3 */ = {isa = PBXFileReference; lastKnownFileType = audio.mp3; path = frog.mp3; sourceTree = "<group>"; };
		A10000010000000000000094 /* BundledSounds.swift */ = {isa = PBXFileReference; lastKnownFileType = sourcecode.swift; path = BundledSounds.swift; sourceTree = "<group>"; };
		A10000010000000000000096 /* AccentColorManager.swift */ = {isa = PBXFileReference; lastKnownFileType = sourcecode.swift; path = AccentColorManager.swift; sourceTree = "<group>"; };
/* End PBXFileReference section */

/* Begin PBXFrameworksBuildPhase section */
		A10000010000000000000032 /* Frameworks */ = {
			isa = PBXFrameworksBuildPhase;
			buildActionMask = 2147483647;
			files = (
				A10000010000000000000073 /* MenuBarExtraAccess in Frameworks */,
			);
			runOnlyForDeploymentPostprocessing = 0;
		};
		A10000010000000000000086 /* Frameworks */ = {
			isa = PBXFrameworksBuildPhase;
			buildActionMask = 2147483647;
			files = (
			);
			runOnlyForDeploymentPostprocessing = 0;
		};
/* End PBXFrameworksBuildPhase section */

/* Begin PBXGroup section */
		A10000010000000000000020 = {
			isa = PBXGroup;
			children = (
				A10000010000000000000021 /* FROK */,
				A1000001000000000000007D /* FROKCLI */,
				A10000010000000000000025 /* Products */,
			);
			sourceTree = "<group>";
		};
		A10000010000000000000021 /* FROK */ = {
			isa = PBXGroup;
			children = (
				A10000010000000000000050 /* FROKApp.swift */,
				A10000010000000000000051 /* AppDelegate.swift */,
				A10000010000000000000022 /* Models */,
				A1000001000000000000007C /* Shared */,
				A10000010000000000000023 /* Services */,
				A10000010000000000000024 /* Views */,
				A10000010000000000000092 /* Resources */,
				A10000010000000000000057 /* Assets.xcassets */,
				A10000010000000000000058 /* Info.plist */,
			);
			path = FROK;
			sourceTree = "<group>";
		};
		A10000010000000000000022 /* Models */ = {
			isa = PBXGroup;
			children = (
				A10000010000000000000052 /* SoundCommand.swift */,
				A10000010000000000000062 /* SoundEntry.swift */,
				A10000010000000000000066 /* SoundHotkey.swift */,
				A10000010000000000000060 /* SoundLoadStatus.swift */,
				A10000010000000000000061 /* SoundPlaybackState.swift */,
				A10000010000000000000078 /* SoundPlaybackMode.swift */,
				A10000010000000000000094 /* BundledSounds.swift */,
			);
			path = Models;
			sourceTree = "<group>";
		};
		A10000010000000000000023 /* Services */ = {
			isa = PBXGroup;
			children = (
				A10000010000000000000053 /* Logger+FROK.swift */,
				A10000010000000000000059 /* LaunchAtLoginManager.swift */,
				A10000010000000000000054 /* SoundCommandHandler.swift */,
				A10000010000000000000055 /* SocketServer.swift */,
				A10000010000000000000063 /* SoundPersistence.swift */,
				A10000010000000000000064 /* SoundLibrary.swift */,
				A10000010000000000000067 /* GlobalHotkeyManager.swift */,
				A1000001000000000000006C /* AccessibilityPermissionManager.swift */,
				A1000001000000000000006E /* MenuBarState.swift */,
				A10000010000000000000072 /* SoundFilePicker.swift */,
				A10000010000000000000074 /* EventLogStore.swift */,
				A10000010000000000000096 /* AccentColorManager.swift */,
			);
			path = Services;
			sourceTree = "<group>";
		};
		A10000010000000000000024 /* Views */ = {
			isa = PBXGroup;
			children = (
				A10000010000000000000056 /* SettingsView.swift */,
				A10000010000000000000065 /* SoundRowView.swift */,
				A10000010000000000000068 /* HotkeyRecorderField.swift */,
				A10000010000000000000076 /* EventLogPanelView.swift */,
			);
			path = Views;
			sourceTree = "<group>";
		};
		A10000010000000000000025 /* Products */ = {
			isa = PBXGroup;
			children = (
				A10000010000000000000003 /* FROK.app */,
				A10000010000000000000080 /* frok */,
			);
			name = Products;
			sourceTree = "<group>";
		};
		A1000001000000000000007C /* Shared */ = {
			isa = PBXGroup;
			children = (
				A1000001000000000000007A /* FROKSocketPath.swift */,
			);
			path = Shared;
			sourceTree = "<group>";
		};
		A1000001000000000000007D /* FROKCLI */ = {
			isa = PBXGroup;
			children = (
				A1000001000000000000007E /* main.swift */,
				A1000001000000000000007F /* SocketClient.swift */,
			);
			path = FROKCLI;
			sourceTree = "<group>";
		};
		A10000010000000000000092 /* Resources */ = {
			isa = PBXGroup;
			children = (
				6E7A07CC2FE81AB40007AFE7 /* ba_dum_tsss.mp3 */,
				6E7A07CD2FE81AB40007AFE7 /* boing.mp3 */,
				6E7A07CE2FE81AB40007AFE7 /* bonk.mp3 */,
				6E7A07CF2FE81AB40007AFE7 /* borat_dance.mp3 */,
				6E7A07D02FE81AB40007AFE7 /* careless_whisper.mp3 */,
				6E7A07D12FE81AB40007AFE7 /* chipi_chapa.mp3 */,
				6E7A07D22FE81AB40007AFE7 /* demotivator.mp3 */,
				6E7A07D32FE81AB40007AFE7 /* ontiva.mp3 */,
				6E7A07D42FE81AB40007AFE7 /* quack.mp3 */,
				6E7A07D52FE81AB40007AFE7 /* scratch.mp3 */,
				6E7A07D62FE81AB40007AFE7 /* rizz.mp3 */,
				6E7A07D72FE81AB40007AFE7 /* sax.mp3 */,
				6E7A07D82FE81AB40007AFE7 /* rifle_shot.mp3 */,
				6E7A07D92FE81AB40007AFE7 /* strings_funny.mp3 */,
				6E7A07DA2FE81AB40007AFE7 /* lights_off.mp3 */,
				6E7A07DB2FE81AB40007AFE7 /* wow.mp3 */,
				6E7A07DC2FE81AB40007AFE7 /* yametekudasai_1.mp3 */,
				6E7A07DD2FE81AB40007AFE7 /* yametekudasai_2.mp3 */,
				A10000010000000000000091 /* frog.mp3 */,
			);
			path = Resources;
			sourceTree = "<group>";
		};
/* End PBXGroup section */

/* Begin PBXNativeTarget section */
		A10000010000000000000002 /* FROK */ = {
			isa = PBXNativeTarget;
			buildConfigurationList = A10000010000000000000041 /* Build configuration list for PBXNativeTarget "FROK" */;
			buildPhases = (
				A10000010000000000000030 /* Sources */,
				A10000010000000000000032 /* Frameworks */,
				A10000010000000000000031 /* Resources */,
				A10000010000000000000087 /* Copy Files */,
			);
			buildRules = (
			);
			dependencies = (
				A10000010000000000000089 /* PBXTargetDependency */,
			);
			name = FROK;
			packageProductDependencies = (
				A10000010000000000000071 /* MenuBarExtraAccess */,
			);
			productName = FROK;
			productReference = A10000010000000000000003 /* FROK.app */;
			productType = "com.apple.product-type.application";
		};
		A10000010000000000000084 /* FROKCLI */ = {
			isa = PBXNativeTarget;
			buildConfigurationList = A1000001000000000000008D /* Build configuration list for PBXNativeTarget "FROKCLI" */;
			buildPhases = (
				A10000010000000000000085 /* Sources */,
				A10000010000000000000086 /* Frameworks */,
			);
			buildRules = (
			);
			dependencies = (
			);
			name = FROKCLI;
			productName = frok;
			productReference = A10000010000000000000080 /* frok */;
			productType = "com.apple.product-type.tool";
		};
/* End PBXNativeTarget section */

/* Begin PBXProject section */
		A10000010000000000000001 /* Project object */ = {
			isa = PBXProject;
			attributes = {
				BuildIndependentTargetsInParallel = 1;
				LastSwiftUpdateCheck = 1600;
				LastUpgradeCheck = 1600;
				TargetAttributes = {
					A10000010000000000000002 = {
						CreatedOnToolsVersion = 16.0;
					};
					A10000010000000000000084 = {
						CreatedOnToolsVersion = 16.0;
					};
				};
			};
			buildConfigurationList = A10000010000000000000040 /* Build configuration list for PBXProject "FROK" */;
			compatibilityVersion = "Xcode 14.0";
			developmentRegion = en;
			hasScannedForEncodings = 0;
			knownRegions = (
				en,
				Base,
			);
			mainGroup = A10000010000000000000020;
			packageReferences = (
				A10000010000000000000070 /* XCRemoteSwiftPackageReference "MenuBarExtraAccess" */,
			);
			productRefGroup = A10000010000000000000025 /* Products */;
			projectDirPath = "";
			projectRoot = "";
			targets = (
				A10000010000000000000002 /* FROK */,
				A10000010000000000000084 /* FROKCLI */,
			);
		};
/* End PBXProject section */

/* Begin PBXResourcesBuildPhase section */
		A10000010000000000000031 /* Resources */ = {
			isa = PBXResourcesBuildPhase;
			buildActionMask = 2147483647;
			files = (
				A10000010000000000000017 /* Assets.xcassets in Resources */,
				6E7A07DE2FE81AB40007AFE7 /* scratch.mp3 in Resources */,
				6E7A07DF2FE81AB40007AFE7 /* borat_dance.mp3 in Resources */,
				6E7A07E02FE81AB40007AFE7 /* strings_funny.mp3 in Resources */,
				6E7A07E12FE81AB40007AFE7 /* careless_whisper.mp3 in Resources */,
				6E7A07E22FE81AB40007AFE7 /* yametekudasai_2.mp3 in Resources */,
				6E7A07E32FE81AB40007AFE7 /* rifle_shot.mp3 in Resources */,
				6E7A07E42FE81AB40007AFE7 /* sax.mp3 in Resources */,
				6E7A07E52FE81AB40007AFE7 /* quack.mp3 in Resources */,
				6E7A07E62FE81AB40007AFE7 /* boing.mp3 in Resources */,
				6E7A07E72FE81AB40007AFE7 /* chipi_chapa.mp3 in Resources */,
				6E7A07E82FE81AB40007AFE7 /* lights_off.mp3 in Resources */,
				6E7A07E92FE81AB40007AFE7 /* ba_dum_tsss.mp3 in Resources */,
				6E7A07EA2FE81AB40007AFE7 /* yametekudasai_1.mp3 in Resources */,
				6E7A07EB2FE81AB40007AFE7 /* wow.mp3 in Resources */,
				6E7A07EC2FE81AB40007AFE7 /* demotivator.mp3 in Resources */,
				6E7A07ED2FE81AB40007AFE7 /* bonk.mp3 in Resources */,
				6E7A07EE2FE81AB40007AFE7 /* ontiva.mp3 in Resources */,
				6E7A07EF2FE81AB40007AFE7 /* rizz.mp3 in Resources */,
				A10000010000000000000090 /* frog.mp3 in Resources */,
			);
			runOnlyForDeploymentPostprocessing = 0;
		};
/* End PBXResourcesBuildPhase section */

/* Begin PBXSourcesBuildPhase section */
		A10000010000000000000030 /* Sources */ = {
			isa = PBXSourcesBuildPhase;
			buildActionMask = 2147483647;
			files = (
				A10000010000000000000010 /* FROKApp.swift in Sources */,
				A10000010000000000000011 /* AppDelegate.swift in Sources */,
				A10000010000000000000012 /* SoundCommand.swift in Sources */,
				A10000010000000000000013 /* Logger+FROK.swift in Sources */,
				A10000010000000000000014 /* SoundCommandHandler.swift in Sources */,
				A10000010000000000000015 /* SocketServer.swift in Sources */,
				A10000010000000000000016 /* SettingsView.swift in Sources */,
				A10000010000000000000018 /* LaunchAtLoginManager.swift in Sources */,
				A10000010000000000000019 /* SoundLoadStatus.swift in Sources */,
				A1000001000000000000001A /* SoundPlaybackState.swift in Sources */,
				A1000001000000000000001B /* SoundEntry.swift in Sources */,
				A10000010000000000000093 /* BundledSounds.swift in Sources */,
				A1000001000000000000001C /* SoundPersistence.swift in Sources */,
				A1000001000000000000001D /* SoundLibrary.swift in Sources */,
				A1000001000000000000001E /* SoundRowView.swift in Sources */,
				A1000001000000000000001F /* SoundHotkey.swift in Sources */,
				A10000010000000000000069 /* GlobalHotkeyManager.swift in Sources */,
				A1000001000000000000006A /* HotkeyRecorderField.swift in Sources */,
				A1000001000000000000006B /* AccessibilityPermissionManager.swift in Sources */,
				A1000001000000000000006D /* MenuBarState.swift in Sources */,
				A1000001000000000000006F /* SoundFilePicker.swift in Sources */,
				A10000010000000000000075 /* EventLogStore.swift in Sources */,
				A10000010000000000000077 /* EventLogPanelView.swift in Sources */,
				A10000010000000000000079 /* SoundPlaybackMode.swift in Sources */,
				A1000001000000000000007B /* FROKSocketPath.swift in Sources */,
				A10000010000000000000095 /* AccentColorManager.swift in Sources */,
			);
			runOnlyForDeploymentPostprocessing = 0;
		};
		A10000010000000000000085 /* Sources */ = {
			isa = PBXSourcesBuildPhase;
			buildActionMask = 2147483647;
			files = (
				A10000010000000000000081 /* main.swift in Sources */,
				A10000010000000000000082 /* SocketClient.swift in Sources */,
				A10000010000000000000083 /* FROKSocketPath.swift in Sources */,
			);
			runOnlyForDeploymentPostprocessing = 0;
		};
/* End PBXSourcesBuildPhase section */

/* Begin PBXTargetDependency section */
		A10000010000000000000089 /* PBXTargetDependency */ = {
			isa = PBXTargetDependency;
			target = A10000010000000000000084 /* FROKCLI */;
			targetProxy = A1000001000000000000008A /* PBXContainerItemProxy */;
		};
/* End PBXTargetDependency section */

/* Begin XCBuildConfiguration section */
		A10000010000000000000042 /* Debug */ = {
			isa = XCBuildConfiguration;
			buildSettings = {
				ASSETCATALOG_COMPILER_APPICON_NAME = AppIcon;
				ASSETCATALOG_COMPILER_GLOBAL_ACCENT_COLOR_NAME = AccentColor;
				CODE_SIGN_IDENTITY = "Apple Development";
				CODE_SIGN_STYLE = Automatic;
				COMBINE_HIDPI_IMAGES = YES;
				CURRENT_PROJECT_VERSION = 5;
				DEVELOPMENT_TEAM = EP8UBDJTLC;
				ENABLE_APP_SANDBOX = NO;
				ENABLE_HARDENED_RUNTIME = YES;
				ENABLE_PREVIEWS = YES;
				GENERATE_INFOPLIST_FILE = YES;
				INFOPLIST_FILE = FROK/Info.plist;
				INFOPLIST_KEY_LSUIElement = YES;
				INFOPLIST_KEY_NSHumanReadableCopyright = "";
				LD_RUNPATH_SEARCH_PATHS = (
					"$(inherited)",
					"@executable_path/../Frameworks",
				);
				MACOSX_DEPLOYMENT_TARGET = 14.0;
				MARKETING_VERSION = 1.1.2;
				PRODUCT_BUNDLE_IDENTIFIER = com.YB.frok;
				PRODUCT_NAME = "$(TARGET_NAME)";
				PROVISIONING_PROFILE_SPECIFIER = "";
				SWIFT_EMIT_LOC_STRINGS = YES;
				SWIFT_VERSION = 5.0;
			};
			name = Debug;
		};
		A10000010000000000000043 /* Release */ = {
			isa = XCBuildConfiguration;
			buildSettings = {
				ASSETCATALOG_COMPILER_APPICON_NAME = AppIcon;
				ASSETCATALOG_COMPILER_GLOBAL_ACCENT_COLOR_NAME = AccentColor;
				CODE_SIGN_IDENTITY = "Apple Development";
				CODE_SIGN_STYLE = Automatic;
				COMBINE_HIDPI_IMAGES = YES;
				CURRENT_PROJECT_VERSION = 5;
				DEVELOPMENT_TEAM = EP8UBDJTLC;
				ENABLE_APP_SANDBOX = NO;
				ENABLE_HARDENED_RUNTIME = YES;
				ENABLE_PREVIEWS = YES;
				GENERATE_INFOPLIST_FILE = YES;
				INFOPLIST_FILE = FROK/Info.plist;
				INFOPLIST_KEY_LSUIElement = YES;
				INFOPLIST_KEY_NSHumanReadableCopyright = "";
				LD_RUNPATH_SEARCH_PATHS = (
					"$(inherited)",
					"@executable_path/../Frameworks",
				);
				MACOSX_DEPLOYMENT_TARGET = 14.0;
				MARKETING_VERSION = 1.1.2;
				PRODUCT_BUNDLE_IDENTIFIER = com.YB.frok;
				PRODUCT_NAME = "$(TARGET_NAME)";
				PROVISIONING_PROFILE_SPECIFIER = "";
				SWIFT_EMIT_LOC_STRINGS = YES;
				SWIFT_VERSION = 5.0;
			};
			name = Release;
		};
		A10000010000000000000044 /* Debug */ = {
			isa = XCBuildConfiguration;
			buildSettings = {
				ALWAYS_SEARCH_USER_PATHS = NO;
				CLANG_ANALYZER_NONNULL = YES;
				CLANG_ANALYZER_NUMBER_OBJECT_CONVERSION = YES_AGGRESSIVE;
				CLANG_CXX_LANGUAGE_STANDARD = "gnu++20";
				CLANG_ENABLE_MODULES = YES;
				CLANG_ENABLE_OBJC_ARC = YES;
				CLANG_ENABLE_OBJC_WEAK = YES;
				CLANG_WARN_BLOCK_CAPTURE_AUTORELEASING = YES;
				CLANG_WARN_BOOL_CONVERSION = YES;
				CLANG_WARN_COMMA = YES;
				CLANG_WARN_CONSTANT_CONVERSION = YES;
				CLANG_WARN_DEPRECATED_OBJC_IMPLEMENTATIONS = YES;
				CLANG_WARN_DIRECT_OBJC_ISA_USAGE = YES_ERROR;
				CLANG_WARN_DOCUMENTATION_COMMENTS = YES;
				CLANG_WARN_EMPTY_BODY = YES;
				CLANG_WARN_ENUM_CONVERSION = YES;
				CLANG_WARN_INFINITE_RECURSION = YES;
				CLANG_WARN_INT_CONVERSION = YES;
				CLANG_WARN_NON_LITERAL_NULL_CONVERSION = YES;
				CLANG_WARN_OBJC_IMPLICIT_RETAIN_SELF = YES;
				CLANG_WARN_OBJC_LITERAL_CONVERSION = YES;
				CLANG_WARN_OBJC_ROOT_CLASS = YES_ERROR;
				CLANG_WARN_QUOTED_INCLUDE_IN_FRAMEWORK_HEADER = YES;
				CLANG_WARN_RANGE_LOOP_ANALYSIS = YES;
				CLANG_WARN_STRICT_PROTOTYPES = YES;
				CLANG_WARN_SUSPICIOUS_MOVE = YES;
				CLANG_WARN_UNGUARDED_AVAILABILITY = YES_AGGRESSIVE;
				CLANG_WARN_UNREACHABLE_CODE = YES;
				CLANG_WARN__DUPLICATE_METHOD_MATCH = YES;
				COPY_PHASE_STRIP = NO;
				DEBUG_INFORMATION_FORMAT = dwarf;
				ENABLE_STRICT_OBJC_MSGSEND = YES;
				ENABLE_TESTABILITY = YES;
				ENABLE_USER_SCRIPT_SANDBOXING = YES;
				GCC_C_LANGUAGE_STANDARD = gnu17;
				GCC_DYNAMIC_NO_PIC = NO;
				GCC_NO_COMMON_BLOCKS = YES;
				GCC_OPTIMIZATION_LEVEL = 0;
				GCC_PREPROCESSOR_DEFINITIONS = (
					"DEBUG=1",
					"$(inherited)",
				);
				GCC_WARN_64_TO_32_BIT_CONVERSION = YES;
				GCC_WARN_ABOUT_RETURN_TYPE = YES_ERROR;
				GCC_WARN_UNDECLARED_SELECTOR = YES;
				GCC_WARN_UNINITIALIZED_AUTOS = YES_AGGRESSIVE;
				GCC_WARN_UNUSED_FUNCTION = YES;
				GCC_WARN_UNUSED_VARIABLE = YES;
				LOCALIZATION_PREFERS_STRING_CATALOGS = YES;
				MACOSX_DEPLOYMENT_TARGET = 14.0;
				MTL_ENABLE_DEBUG_INFO = INCLUDE_SOURCE;
				MTL_FAST_MATH = YES;
				ONLY_ACTIVE_ARCH = YES;
				SDKROOT = macosx;
				SWIFT_ACTIVE_COMPILATION_CONDITIONS = "DEBUG $(inherited)";
				SWIFT_OPTIMIZATION_LEVEL = "-Onone";
				SWIFT_STRICT_CONCURRENCY = minimal;
			};
			name = Debug;
		};
		A10000010000000000000045 /* Release */ = {
			isa = XCBuildConfiguration;
			buildSettings = {
				ALWAYS_SEARCH_USER_PATHS = NO;
				CLANG_ANALYZER_NONNULL = YES;
				CLANG_ANALYZER_NUMBER_OBJECT_CONVERSION = YES_AGGRESSIVE;
				CLANG_CXX_LANGUAGE_STANDARD = "gnu++20";
				CLANG_ENABLE_MODULES = YES;
				CLANG_ENABLE_OBJC_ARC = YES;
				CLANG_ENABLE_OBJC_WEAK = YES;
				CLANG_WARN_BLOCK_CAPTURE_AUTORELEASING = YES;
				CLANG_WARN_BOOL_CONVERSION = YES;
				CLANG_WARN_COMMA = YES;
				CLANG_WARN_CONSTANT_CONVERSION = YES;
				CLANG_WARN_DEPRECATED_OBJC_IMPLEMENTATIONS = YES;
				CLANG_WARN_DIRECT_OBJC_ISA_USAGE = YES_ERROR;
				CLANG_WARN_DOCUMENTATION_COMMENTS = YES;
				CLANG_WARN_EMPTY_BODY = YES;
				CLANG_WARN_ENUM_CONVERSION = YES;
				CLANG_WARN_INFINITE_RECURSION = YES;
				CLANG_WARN_INT_CONVERSION = YES;
				CLANG_WARN_NON_LITERAL_NULL_CONVERSION = YES;
				CLANG_WARN_OBJC_IMPLICIT_RETAIN_SELF = YES;
				CLANG_WARN_OBJC_LITERAL_CONVERSION = YES;
				CLANG_WARN_OBJC_ROOT_CLASS = YES_ERROR;
				CLANG_WARN_QUOTED_INCLUDE_IN_FRAMEWORK_HEADER = YES;
				CLANG_WARN_RANGE_LOOP_ANALYSIS = YES;
				CLANG_WARN_STRICT_PROTOTYPES = YES;
				CLANG_WARN_SUSPICIOUS_MOVE = YES;
				CLANG_WARN_UNGUARDED_AVAILABILITY = YES_AGGRESSIVE;
				CLANG_WARN_UNREACHABLE_CODE = YES;
				CLANG_WARN__DUPLICATE_METHOD_MATCH = YES;
				COPY_PHASE_STRIP = NO;
				DEBUG_INFORMATION_FORMAT = "dwarf-with-dsym";
				ENABLE_NS_ASSERTIONS = NO;
				ENABLE_STRICT_OBJC_MSGSEND = YES;
				ENABLE_USER_SCRIPT_SANDBOXING = YES;
				GCC_C_LANGUAGE_STANDARD = gnu17;
				GCC_NO_COMMON_BLOCKS = YES;
				GCC_WARN_64_TO_32_BIT_CONVERSION = YES;
				GCC_WARN_ABOUT_RETURN_TYPE = YES_ERROR;
				GCC_WARN_UNDECLARED_SELECTOR = YES;
				GCC_WARN_UNINITIALIZED_AUTOS = YES_AGGRESSIVE;
				GCC_WARN_UNUSED_FUNCTION = YES;
				GCC_WARN_UNUSED_VARIABLE = YES;
				LOCALIZATION_PREFERS_STRING_CATALOGS = YES;
				MACOSX_DEPLOYMENT_TARGET = 14.0;
				MTL_ENABLE_DEBUG_INFO = NO;
				MTL_FAST_MATH = YES;
				SDKROOT = macosx;
				SWIFT_COMPILATION_MODE = wholemodule;
				SWIFT_STRICT_CONCURRENCY = minimal;
			};
			name = Release;
		};
		A1000001000000000000008B /* Debug */ = {
			isa = XCBuildConfiguration;
			buildSettings = {
				CODE_SIGN_IDENTITY = "Apple Development";
				CODE_SIGN_STYLE = Automatic;
				CURRENT_PROJECT_VERSION = 5;
				DEVELOPMENT_TEAM = EP8UBDJTLC;
				ENABLE_HARDENED_RUNTIME = YES;
				GENERATE_INFOPLIST_FILE = YES;
				MACOSX_DEPLOYMENT_TARGET = 14.0;
				MARKETING_VERSION = 1.1.2;
				PRODUCT_BUNDLE_IDENTIFIER = com.YB.frok.cli;
				PRODUCT_NAME = frok;
				SWIFT_EMIT_LOC_STRINGS = NO;
				SWIFT_VERSION = 5.0;
			};
			name = Debug;
		};
		A1000001000000000000008C /* Release */ = {
			isa = XCBuildConfiguration;
			buildSettings = {
				CODE_SIGN_IDENTITY = "Apple Development";
				CODE_SIGN_STYLE = Automatic;
				CURRENT_PROJECT_VERSION = 5;
				DEVELOPMENT_TEAM = EP8UBDJTLC;
				ENABLE_HARDENED_RUNTIME = YES;
				GENERATE_INFOPLIST_FILE = YES;
				MACOSX_DEPLOYMENT_TARGET = 14.0;
				MARKETING_VERSION = 1.1.2;
				PRODUCT_BUNDLE_IDENTIFIER = com.YB.frok.cli;
				PRODUCT_NAME = frok;
				SWIFT_EMIT_LOC_STRINGS = NO;
				SWIFT_VERSION = 5.0;
			};
			name = Release;
		};
/* End XCBuildConfiguration section */

/* Begin XCConfigurationList section */
		A10000010000000000000040 /* Build configuration list for PBXProject "FROK" */ = {
			isa = XCConfigurationList;
			buildConfigurations = (
				A10000010000000000000044 /* Debug */,
				A10000010000000000000045 /* Release */,
			);
			defaultConfigurationIsVisible = 0;
			defaultConfigurationName = Release;
		};
		A10000010000000000000041 /* Build configuration list for PBXNativeTarget "FROK" */ = {
			isa = XCConfigurationList;
			buildConfigurations = (
				A10000010000000000000042 /* Debug */,
				A10000010000000000000043 /* Release */,
			);
			defaultConfigurationIsVisible = 0;
			defaultConfigurationName = Release;
		};
		A1000001000000000000008D /* Build configuration list for PBXNativeTarget "FROKCLI" */ = {
			isa = XCConfigurationList;
			buildConfigurations = (
				A1000001000000000000008B /* Debug */,
				A1000001000000000000008C /* Release */,
			);
			defaultConfigurationIsVisible = 0;
			defaultConfigurationName = Release;
		};
/* End XCConfigurationList section */

/* Begin XCRemoteSwiftPackageReference section */
		A10000010000000000000070 /* XCRemoteSwiftPackageReference "MenuBarExtraAccess" */ = {
			isa = XCRemoteSwiftPackageReference;
			repositoryURL = "https://github.com/orchetect/MenuBarExtraAccess";
			requirement = {
				kind = upToNextMajorVersion;
				minimumVersion = 1.0.0;
			};
		};
/* End XCRemoteSwiftPackageReference section */

/* Begin XCSwiftPackageProductDependency section */
		A10000010000000000000071 /* MenuBarExtraAccess */ = {
			isa = XCSwiftPackageProductDependency;
			package = A10000010000000000000070 /* XCRemoteSwiftPackageReference "MenuBarExtraAccess" */;
			productName = MenuBarExtraAccess;
		};
/* End XCSwiftPackageProductDependency section */
	};
	rootObject = A10000010000000000000001 /* Project object */;
}
